
Microsoft Visual Studio Solution File, Format Version 12.00
# Visual Studio 15
VisualStudioVersion = 15.0.28307.705
MinimumVisualStudioVersion = 10.0.40219.1
Project("{FAE04EC0-301F-11D3-BF4B-00C04F79EFBC}") = "NorthwindODataServiceClient", "NorthwindODataServiceClient\NorthwindODataServiceClient.csproj", "{B8EBEB9D-5266-4DED-BFDB-97E071864056}"
EndProject
Global
	GlobalSection(SolutionConfigurationPlatforms) = preSolution
		Debug|Any CPU = Debug|Any CPU
		Release|Any CPU = Release|Any CPU
	EndGlobalSection
	GlobalSection(ProjectConfigurationPlatforms) = postSolution
		{B8EBEB9D-5266-4DED-BFDB-97E071864056}.Debug|Any CPU.ActiveCfg = Debug|Any CPU
		{B8EBEB9D-5266-4DED-BFDB-97E071864056}.Debug|Any CPU.Build.0 = Debug|Any CPU
		{B8EBEB9D-5266-4DED-BFDB-97E071864056}.Release|Any CPU.ActiveCfg = Release|Any CPU
		{B8EBEB9D-5266-4DED-BFDB-97E071864056}.Release|Any CPU.Build.0 = Release|Any CPU
	EndGlobalSection
	GlobalSection(SolutionProperties) = preSolution
		HideSolutionNode = FALSE
	EndGlobalSection
	GlobalSection(ExtensibilityGlobals) = postSolution
		SolutionGuid = {DD108B1F-CB2E-464E-8ED1-C19DB9746CB5}
	EndGlobalSection
EndGlobal
